<?xml version="1.0" encoding="utf-8"?>
<Project ToolsVersion="4.0" xmlns="http://schemas.microsoft.com/developer/msbuild/2003">
  <ItemGroup>
    <Filter Include="Source Files">
      <UniqueIdentifier>{4FC737F1-C7A5-4376-A066-2A32D752A2FF}</UniqueIdentifier>
      <Extensions>cpp;c;cc;cxx;c++;cppm;ixx;def;odl;idl;hpj;bat;asm;asmx</Extensions>
    </Filter>
    <Filter Include="Header Files">
      <UniqueIdentifier>{93995380-89BD-4b04-88EB-625FBE52EBFB}</UniqueIdentifier>
      <Extensions>h;hh;hpp;hxx;h++;hm;inl;inc;ipp;xsd</Extensions>
    </Filter>
    <Filter Include="Resource Files">
      <UniqueIdentifier>{67DA6AB6-F800-4c08-8B7A-83BB121AAD01}</UniqueIdentifier>
      <Extensions>rc;ico;cur;bmp;dlg;rc2;rct;bin;rgs;gif;jpg;jpeg;jpe;resx;tiff;tif;png;wav;mfcribbon-ms</Extensions>
    </Filter>
    <Filter Include="core">
      <UniqueIdentifier>{d3a1f879-1a6e-4c54-b52b-7e6d0a7a3b32}</UniqueIdentifier>
    </Filter>
    <Filter Include="gui">
      <UniqueIdentifier>{9aab018f-a9bd-4963-8db2-231aef7f2402}</UniqueIdentifier>
    </Filter>
    <Filter Include="nuklear">
      <UniqueIdentifier>{4a3a60f9-a8cd-4796-9f79-e5a882eeb29c}</UniqueIdentifier>
    </Filter>
  </ItemGroup>
  <ItemGroup>
    <ClCompile Include="core\PerfectLoader.c">
      <Filter>core</Filter>
    </ClCompile>
    <ClCompile Include="core\PLRing3.c">
      <Filter>core</Filter>
    </ClCompile>
  </ItemGroup>
  <ItemGroup>
    <ClInclude Include="core\PLRing3.h">
      <Filter>core</Filter>
    </ClInclude>
    <ClInclude Include="nuklear\nuklear_d3d11.h">
      <Filter>nuklear</Filter>
    </ClInclude>
    <ClInclude Include="nuklear\nuklear.h">
      <Filter>nuklear</Filter>
    </ClInclude>
    <ClInclude Include="nuklear\nuklear_d3d11_vertex_shader.h">
      <Filter>nuklear</Filter>
    </ClInclude>
    <ClInclude Include="nuklear\nuklear_d3d11_pixel_shader.h">
      <Filter>nuklear</Filter>
    </ClInclude>
    <ClInclude Include="gui\PLGui.h">
      <Filter>gui</Filter>
    </ClInclude>
  </ItemGroup>
</Project>